// !$*UTF8*$!
{
	archiveVersion = 1;
	classes = {
	};
	objectVersion = 46;
	objects = {

/* Begin PBXBuildFile section */
		1F05E0FD1E0366D20061534B /* CalendarView.swift in Sources */ = {isa = PBXBuildFile; fileRef = 1F05E0FC1E0366D20061534B /* CalendarView.swift */; };
		1F05E0FF1E0380D10061534B /* MonthHeaderView.xib in Resources */ = {isa = PBXBuildFile; fileRef = 1F05E0FE1E0380D10061534B /* MonthHeaderView.xib */; };
		1F05E1011E0395EF0061534B /* MonthHeaderView.swift in Sources */ = {isa = PBXBuildFile; fileRef = 1F05E1001E0395EF0061534B /* MonthHeaderView.swift */; };
		1F26A1FD1E02003F00CA7464 /* AppDelegate.swift in Sources */ = {isa = PBXBuildFile; fileRef = 1F26A1FC1E02003F00CA7464 /* AppDelegate.swift */; };
		1F26A2041E02003F00CA7464 /* Main.storyboard in Resources */ = {isa = PBXBuildFile; fileRef = 1F26A2021E02003F00CA7464 /* Main.storyboard */; };
		1F26A2061E02003F00CA7464 /* Assets.xcassets in Resources */ = {isa = PBXBuildFile; fileRef = 1F26A2051E02003F00CA7464 /* Assets.xcassets */; };
		1F26A2091E02003F00CA7464 /* LaunchScreen.storyboard in Resources */ = {isa = PBXBuildFile; fileRef = 1F26A2071E02003F00CA7464 /* LaunchScreen.storyboard */; };
		1F5807481E0DE66500DAEDDC /* RealmManager.swift in Sources */ = {isa = PBXBuildFile; fileRef = 1F5807471E0DE66500DAEDDC /* RealmManager.swift */; };
		1F58074A1E0DF05E00DAEDDC /* MyDateFormatter.swift in Sources */ = {isa = PBXBuildFile; fileRef = 1F5807491E0DF05E00DAEDDC /* MyDateFormatter.swift */; };
		1F7277D71E04962200085D69 /* Emotion.swift in Sources */ = {isa = PBXBuildFile; fileRef = 1F7277D61E04962200085D69 /* Emotion.swift */; };
		1F75FA7D1E20525C00836AD2 /* RadioPlayer.swift in Sources */ = {isa = PBXBuildFile; fileRef = 1F75FA7C1E20525C00836AD2 /* RadioPlayer.swift */; };
		1F75FA7F1E2052AD00836AD2 /* AVFoundation.framework in Frameworks */ = {isa = PBXBuildFile; fileRef = 1F75FA7E1E2052AD00836AD2 /* AVFoundation.framework */; };
		1F75FA851E20552300836AD2 /* MediaPlayer.framework in Frameworks */ = {isa = PBXBuildFile; fileRef = 1F75FA841E20552300836AD2 /* MediaPlayer.framework */; };
		1F75FA871E206F8100836AD2 /* RadioStations.swift in Sources */ = {isa = PBXBuildFile; fileRef = 1F75FA861E206F8100836AD2 /* RadioStations.swift */; };
		1F8348471E0887A200FE97CB /* DataEntry.swift in Sources */ = {isa = PBXBuildFile; fileRef = 1F8348461E0887A200FE97CB /* DataEntry.swift */; };
		1F8348491E08895900FE97CB /* Survey.swift in Sources */ = {isa = PBXBuildFile; fileRef = 1F8348481E08895900FE97CB /* Survey.swift */; };
		1F83484B1E0889BB00FE97CB /* Mood.swift in Sources */ = {isa = PBXBuildFile; fileRef = 1F83484A1E0889BB00FE97CB /* Mood.swift */; };
		1F83484D1E088C2500FE97CB /* Sleep.swift in Sources */ = {isa = PBXBuildFile; fileRef = 1F83484C1E088C2500FE97CB /* Sleep.swift */; };
		1F83484F1E088C7A00FE97CB /* EmotionName.swift in Sources */ = {isa = PBXBuildFile; fileRef = 1F83484E1E088C7A00FE97CB /* EmotionName.swift */; };
		1FA89EBF1E022167004EBF08 /* DetailLogViewController.swift in Sources */ = {isa = PBXBuildFile; fileRef = 1FA89EBE1E022167004EBF08 /* DetailLogViewController.swift */; };
		1FA89EC11E02217C004EBF08 /* SurveyViewController.swift in Sources */ = {isa = PBXBuildFile; fileRef = 1FA89EC01E02217C004EBF08 /* SurveyViewController.swift */; };
		1FA89EC31E022199004EBF08 /* SuggestionsViewController.swift in Sources */ = {isa = PBXBuildFile; fileRef = 1FA89EC21E022199004EBF08 /* SuggestionsViewController.swift */; };
		1FA89EC71E022208004EBF08 /* AnalysisChartViewController.swift in Sources */ = {isa = PBXBuildFile; fileRef = 1FA89EC61E022208004EBF08 /* AnalysisChartViewController.swift */; };
		1FAB00E71E09DD14005ED26A /* CalendarViewController.swift in Sources */ = {isa = PBXBuildFile; fileRef = 1FAB00E61E09DD14005ED26A /* CalendarViewController.swift */; };
		1FAB00E91E0A3361005ED26A /* DataSource.swift in Sources */ = {isa = PBXBuildFile; fileRef = 1FAB00E81E0A3361005ED26A /* DataSource.swift */; };
		1FAB00EB1E0A33DD005ED26A /* Delegate.swift in Sources */ = {isa = PBXBuildFile; fileRef = 1FAB00EA1E0A33DD005ED26A /* Delegate.swift */; };
		1FBD71511E0340F8001E36EE /* Survey.storyboard in Resources */ = {isa = PBXBuildFile; fileRef = 1FBD71501E0340F8001E36EE /* Survey.storyboard */; };
		1FBD71531E034161001E36EE /* Photo.storyboard in Resources */ = {isa = PBXBuildFile; fileRef = 1FBD71521E034161001E36EE /* Photo.storyboard */; };
		1FBD71551E034172001E36EE /* Suggestions.storyboard in Resources */ = {isa = PBXBuildFile; fileRef = 1FBD71541E034172001E36EE /* Suggestions.storyboard */; };
		1FBD71571E034181001E36EE /* Chart.storyboard in Resources */ = {isa = PBXBuildFile; fileRef = 1FBD71561E034181001E36EE /* Chart.storyboard */; };
		1FBD715B1E0342EA001E36EE /* Router.swift in Sources */ = {isa = PBXBuildFile; fileRef = 1FBD715A1E0342EA001E36EE /* Router.swift */; };
		1FBD71631E034E9A001E36EE /* CalendarCell.xib in Resources */ = {isa = PBXBuildFile; fileRef = 1FBD71621E034E9A001E36EE /* CalendarCell.xib */; };
		1FBD71651E035F44001E36EE /* CellView.swift in Sources */ = {isa = PBXBuildFile; fileRef = 1FBD71641E035F44001E36EE /* CellView.swift */; };
		1FD03B661E0CEBCF009995E8 /* DetailTableViewCell.swift in Sources */ = {isa = PBXBuildFile; fileRef = 1FD03B651E0CEBCF009995E8 /* DetailTableViewCell.swift */; };
		5212E88B1E035862000209BD /* Styling.swift in Sources */ = {isa = PBXBuildFile; fileRef = 5212E88A1E035862000209BD /* Styling.swift */; };
		521E329C1E3181900093A6B1 /* TabBarViewController.swift in Sources */ = {isa = PBXBuildFile; fileRef = 521E329B1E3181900093A6B1 /* TabBarViewController.swift */; };
		524B3EB71E21F92900203AB2 /* Suggestions.swift in Sources */ = {isa = PBXBuildFile; fileRef = 524B3EB61E21F92800203AB2 /* Suggestions.swift */; };
		5286A2091E053633005028D0 /* TakePictureViewController.swift in Sources */ = {isa = PBXBuildFile; fileRef = 5286A2081E053633005028D0 /* TakePictureViewController.swift */; };
		5286A20E1E089772005028D0 /* ServerManager.swift in Sources */ = {isa = PBXBuildFile; fileRef = 5286A20D1E089772005028D0 /* ServerManager.swift */; };
		52D56F8F1E0A33A400BF42A0 /* Constants.swift in Sources */ = {isa = PBXBuildFile; fileRef = 52D56F8E1E0A33A400BF42A0 /* Constants.swift */; };
		C4E7074E1629F9016C8B5985 /* Pods_FaceForward.framework in Frameworks */ = {isa = PBXBuildFile; fileRef = B17958DEA5C86271ABFD5DCB /* Pods_FaceForward.framework */; };
/* End PBXBuildFile section */

/* Begin PBXFileReference section */
		1F05E0FC1E0366D20061534B /* CalendarView.swift */ = {isa = PBXFileReference; fileEncoding = 4; lastKnownFileType = sourcecode.swift; path = CalendarView.swift; sourceTree = "<group>"; };
		1F05E0FE1E0380D10061534B /* MonthHeaderView.xib */ = {isa = PBXFileReference; fileEncoding = 4; lastKnownFileType = file.xib; path = MonthHeaderView.xib; sourceTree = "<group>"; };
		1F05E1001E0395EF0061534B /* MonthHeaderView.swift */ = {isa = PBXFileReference; fileEncoding = 4; lastKnownFileType = sourcecode.swift; path = MonthHeaderView.swift; sourceTree = "<group>"; };
		1F26A1F91E02003F00CA7464 /* FaceForward.app */ = {isa = PBXFileReference; explicitFileType = wrapper.application; includeInIndex = 0; path = FaceForward.app; sourceTree = BUILT_PRODUCTS_DIR; };
		1F26A1FC1E02003F00CA7464 /* AppDelegate.swift */ = {isa = PBXFileReference; lastKnownFileType = sourcecode.swift; path = AppDelegate.swift; sourceTree = "<group>"; };
		1F26A2031E02003F00CA7464 /* Base */ = {isa = PBXFileReference; lastKnownFileType = file.storyboard; name = Base; path = Base.lproj/Main.storyboard; sourceTree = "<group>"; };
		1F26A2051E02003F00CA7464 /* Assets.xcassets */ = {isa = PBXFileReference; lastKnownFileType = folder.assetcatalog; path = Assets.xcassets; sourceTree = "<group>"; };
		1F26A2081E02003F00CA7464 /* Base */ = {isa = PBXFileReference; lastKnownFileType = file.storyboard; name = Base; path = Base.lproj/LaunchScreen.storyboard; sourceTree = "<group>"; };
		1F26A20A1E02003F00CA7464 /* Info.plist */ = {isa = PBXFileReference; lastKnownFileType = text.plist.xml; path = Info.plist; sourceTree = "<group>"; };
		1F5807471E0DE66500DAEDDC /* RealmManager.swift */ = {isa = PBXFileReference; fileEncoding = 4; lastKnownFileType = sourcecode.swift; path = RealmManager.swift; sourceTree = "<group>"; };
		1F5807491E0DF05E00DAEDDC /* MyDateFormatter.swift */ = {isa = PBXFileReference; fileEncoding = 4; lastKnownFileType = sourcecode.swift; path = MyDateFormatter.swift; sourceTree = "<group>"; };
		1F7277D61E04962200085D69 /* Emotion.swift */ = {isa = PBXFileReference; fileEncoding = 4; lastKnownFileType = sourcecode.swift; path = Emotion.swift; sourceTree = "<group>"; };
		1F75FA7C1E20525C00836AD2 /* RadioPlayer.swift */ = {isa = PBXFileReference; fileEncoding = 4; lastKnownFileType = sourcecode.swift; path = RadioPlayer.swift; sourceTree = "<group>"; };
		1F75FA7E1E2052AD00836AD2 /* AVFoundation.framework */ = {isa = PBXFileReference; lastKnownFileType = wrapper.framework; name = AVFoundation.framework; path = System/Library/Frameworks/AVFoundation.framework; sourceTree = SDKROOT; };
		1F75FA841E20552300836AD2 /* MediaPlayer.framework */ = {isa = PBXFileReference; lastKnownFileType = wrapper.framework; name = MediaPlayer.framework; path = System/Library/Frameworks/MediaPlayer.framework; sourceTree = SDKROOT; };
		1F75FA861E206F8100836AD2 /* RadioStations.swift */ = {isa = PBXFileReference; fileEncoding = 4; lastKnownFileType = sourcecode.swift; path = RadioStations.swift; sourceTree = "<group>"; };
		1F8348461E0887A200FE97CB /* DataEntry.swift */ = {isa = PBXFileReference; fileEncoding = 4; lastKnownFileType = sourcecode.swift; path = DataEntry.swift; sourceTree = "<group>"; };
		1F8348481E08895900FE97CB /* Survey.swift */ = {isa = PBXFileReference; fileEncoding = 4; lastKnownFileType = sourcecode.swift; path = Survey.swift; sourceTree = "<group>"; };
		1F83484A1E0889BB00FE97CB /* Mood.swift */ = {isa = PBXFileReference; fileEncoding = 4; lastKnownFileType = sourcecode.swift; path = Mood.swift; sourceTree = "<group>"; };
		1F83484C1E088C2500FE97CB /* Sleep.swift */ = {isa = PBXFileReference; fileEncoding = 4; lastKnownFileType = sourcecode.swift; path = Sleep.swift; sourceTree = "<group>"; };
		1F83484E1E088C7A00FE97CB /* EmotionName.swift */ = {isa = PBXFileReference; fileEncoding = 4; lastKnownFileType = sourcecode.swift; path = EmotionName.swift; sourceTree = "<group>"; };
		1FA89EBE1E022167004EBF08 /* DetailLogViewController.swift */ = {isa = PBXFileReference; fileEncoding = 4; lastKnownFileType = sourcecode.swift; path = DetailLogViewController.swift; sourceTree = "<group>"; };
		1FA89EC01E02217C004EBF08 /* SurveyViewController.swift */ = {isa = PBXFileReference; fileEncoding = 4; lastKnownFileType = sourcecode.swift; path = SurveyViewController.swift; sourceTree = "<group>"; };
		1FA89EC21E022199004EBF08 /* SuggestionsViewController.swift */ = {isa = PBXFileReference; fileEncoding = 4; lastKnownFileType = sourcecode.swift; path = SuggestionsViewController.swift; sourceTree = "<group>"; };
		1FA89EC61E022208004EBF08 /* AnalysisChartViewController.swift */ = {isa = PBXFileReference; fileEncoding = 4; lastKnownFileType = sourcecode.swift; path = AnalysisChartViewController.swift; sourceTree = "<group>"; };
		1FAB00E61E09DD14005ED26A /* CalendarViewController.swift */ = {isa = PBXFileReference; fileEncoding = 4; lastKnownFileType = sourcecode.swift; path = CalendarViewController.swift; sourceTree = "<group>"; };
		1FAB00E81E0A3361005ED26A /* DataSource.swift */ = {isa = PBXFileReference; fileEncoding = 4; lastKnownFileType = sourcecode.swift; path = DataSource.swift; sourceTree = "<group>"; };
		1FAB00EA1E0A33DD005ED26A /* Delegate.swift */ = {isa = PBXFileReference; fileEncoding = 4; lastKnownFileType = sourcecode.swift; path = Delegate.swift; sourceTree = "<group>"; };
		1FBD71501E0340F8001E36EE /* Survey.storyboard */ = {isa = PBXFileReference; fileEncoding = 4; lastKnownFileType = file.storyboard; path = Survey.storyboard; sourceTree = "<group>"; };
		1FBD71521E034161001E36EE /* Photo.storyboard */ = {isa = PBXFileReference; fileEncoding = 4; lastKnownFileType = file.storyboard; path = Photo.storyboard; sourceTree = "<group>"; };
		1FBD71541E034172001E36EE /* Suggestions.storyboard */ = {isa = PBXFileReference; fileEncoding = 4; lastKnownFileType = file.storyboard; path = Suggestions.storyboard; sourceTree = "<group>"; };
		1FBD71561E034181001E36EE /* Chart.storyboard */ = {isa = PBXFileReference; fileEncoding = 4; lastKnownFileType = file.storyboard; path = Chart.storyboard; sourceTree = "<group>"; };
		1FBD715A1E0342EA001E36EE /* Router.swift */ = {isa = PBXFileReference; fileEncoding = 4; lastKnownFileType = sourcecode.swift; path = Router.swift; sourceTree = "<group>"; };
		1FBD71621E034E9A001E36EE /* CalendarCell.xib */ = {isa = PBXFileReference; fileEncoding = 4; lastKnownFileType = file.xib; path = CalendarCell.xib; sourceTree = "<group>"; };
		1FBD71641E035F44001E36EE /* CellView.swift */ = {isa = PBXFileReference; fileEncoding = 4; lastKnownFileType = sourcecode.swift; path = CellView.swift; sourceTree = "<group>"; };
		1FD03B651E0CEBCF009995E8 /* DetailTableViewCell.swift */ = {isa = PBXFileReference; fileEncoding = 4; lastKnownFileType = sourcecode.swift; path = DetailTableViewCell.swift; sourceTree = "<group>"; };
		3C2A011C095BE3AAA8A0D4B8 /* Pods-FaceForward.release.xcconfig */ = {isa = PBXFileReference; includeInIndex = 1; lastKnownFileType = text.xcconfig; name = "Pods-FaceForward.release.xcconfig"; path = "Pods/Target Support Files/Pods-FaceForward/Pods-FaceForward.release.xcconfig"; sourceTree = "<group>"; };
		5212E88A1E035862000209BD /* Styling.swift */ = {isa = PBXFileReference; fileEncoding = 4; lastKnownFileType = sourcecode.swift; path = Styling.swift; sourceTree = "<group>"; };
		521E329B1E3181900093A6B1 /* TabBarViewController.swift */ = {isa = PBXFileReference; fileEncoding = 4; lastKnownFileType = sourcecode.swift; path = TabBarViewController.swift; sourceTree = "<group>"; };
		524B3EB61E21F92800203AB2 /* Suggestions.swift */ = {isa = PBXFileReference; fileEncoding = 4; lastKnownFileType = sourcecode.swift; path = Suggestions.swift; sourceTree = "<group>"; };
		5286A2081E053633005028D0 /* TakePictureViewController.swift */ = {isa = PBXFileReference; fileEncoding = 4; lastKnownFileType = sourcecode.swift; path = TakePictureViewController.swift; sourceTree = "<group>"; };
		5286A20D1E089772005028D0 /* ServerManager.swift */ = {isa = PBXFileReference; fileEncoding = 4; lastKnownFileType = sourcecode.swift; path = ServerManager.swift; sourceTree = "<group>"; };
		52D56F8E1E0A33A400BF42A0 /* Constants.swift */ = {isa = PBXFileReference; fileEncoding = 4; lastKnownFileType = sourcecode.swift; path = Constants.swift; sourceTree = "<group>"; };
		B17958DEA5C86271ABFD5DCB /* Pods_FaceForward.framework */ = {isa = PBXFileReference; explicitFileType = wrapper.framework; includeInIndex = 0; path = Pods_FaceForward.framework; sourceTree = BUILT_PRODUCTS_DIR; };
		D89B48985DF69A546BC44AB9 /* Pods-FaceForward.debug.xcconfig */ = {isa = PBXFileReference; includeInIndex = 1; lastKnownFileType = text.xcconfig; name = "Pods-FaceForward.debug.xcconfig"; path = "Pods/Target Support Files/Pods-FaceForward/Pods-FaceForward.debug.xcconfig"; sourceTree = "<group>"; };
/* End PBXFileReference section */

/* Begin PBXFrameworksBuildPhase section */
		1F26A1F61E02003F00CA7464 /* Frameworks */ = {
			isa = PBXFrameworksBuildPhase;
			buildActionMask = 2147483647;
			files = (
				1F75FA851E20552300836AD2 /* MediaPlayer.framework in Frameworks */,
				1F75FA7F1E2052AD00836AD2 /* AVFoundation.framework in Frameworks */,
				C4E7074E1629F9016C8B5985 /* Pods_FaceForward.framework in Frameworks */,
			);
			runOnlyForDeploymentPostprocessing = 0;
		};
/* End PBXFrameworksBuildPhase section */

/* Begin PBXGroup section */
		0286C5D57E339D7ED9F5678B /* Pods */ = {
			isa = PBXGroup;
			children = (
				D89B48985DF69A546BC44AB9 /* Pods-FaceForward.debug.xcconfig */,
				3C2A011C095BE3AAA8A0D4B8 /* Pods-FaceForward.release.xcconfig */,
			);
			name = Pods;
			sourceTree = "<group>";
		};
		1F26A1F01E02003F00CA7464 = {
			isa = PBXGroup;
			children = (
				1F26A1FB1E02003F00CA7464 /* FaceForward */,
				1F26A1FA1E02003F00CA7464 /* Products */,
				0286C5D57E339D7ED9F5678B /* Pods */,
				CD5C27C669BDB1CFEECCDFB8 /* Frameworks */,
			);
			sourceTree = "<group>";
		};
		1F26A1FA1E02003F00CA7464 /* Products */ = {
			isa = PBXGroup;
			children = (
				1F26A1F91E02003F00CA7464 /* FaceForward.app */,
			);
			name = Products;
			sourceTree = "<group>";
		};
		1F26A1FB1E02003F00CA7464 /* FaceForward */ = {
			isa = PBXGroup;
			children = (
				1FA89EC91E02222C004EBF08 /* Model */,
				1FA89ECA1E02223A004EBF08 /* UI */,
				1FA89ECB1E02224F004EBF08 /* View */,
				1FA89EC81E02221A004EBF08 /* Controller */,
				1FA89ECC1E022263004EBF08 /* Support */,
			);
			path = FaceForward;
			sourceTree = "<group>";
		};
		1FA89EC81E02221A004EBF08 /* Controller */ = {
			isa = PBXGroup;
			children = (
				1FBD71611E034477001E36EE /* Chart */,
				1FBD71601E034462001E36EE /* Picture */,
				1FBD715F1E034450001E36EE /* Suggestions */,
				1FBD715D1E03440E001E36EE /* Survey */,
				1FBD715C1E0343F0001E36EE /* Calendar */,
			);
			name = Controller;
			sourceTree = "<group>";
		};
		1FA89EC91E02222C004EBF08 /* Model */ = {
			isa = PBXGroup;
			children = (
				1F26A1FC1E02003F00CA7464 /* AppDelegate.swift */,
				1F75FA7C1E20525C00836AD2 /* RadioPlayer.swift */,
				1F75FA861E206F8100836AD2 /* RadioStations.swift */,
				5286A20D1E089772005028D0 /* ServerManager.swift */,
				5212E88A1E035862000209BD /* Styling.swift */,
				1F8348461E0887A200FE97CB /* DataEntry.swift */,
				1F7277D61E04962200085D69 /* Emotion.swift */,
				1F8348481E08895900FE97CB /* Survey.swift */,
				1F83484A1E0889BB00FE97CB /* Mood.swift */,
				1F83484C1E088C2500FE97CB /* Sleep.swift */,
				1F5807471E0DE66500DAEDDC /* RealmManager.swift */,
				1F83484E1E088C7A00FE97CB /* EmotionName.swift */,
				1F5807491E0DF05E00DAEDDC /* MyDateFormatter.swift */,
				1FBD715A1E0342EA001E36EE /* Router.swift */,
				524B3EB61E21F92800203AB2 /* Suggestions.swift */,
			);
			name = Model;
			sourceTree = "<group>";
		};
		1FA89ECA1E02223A004EBF08 /* UI */ = {
			isa = PBXGroup;
			children = (
				1F26A2071E02003F00CA7464 /* LaunchScreen.storyboard */,
				1F26A2021E02003F00CA7464 /* Main.storyboard */,
				1FBD71501E0340F8001E36EE /* Survey.storyboard */,
				1FBD71521E034161001E36EE /* Photo.storyboard */,
				1FBD71541E034172001E36EE /* Suggestions.storyboard */,
				1FBD71561E034181001E36EE /* Chart.storyboard */,
				1F05E0FE1E0380D10061534B /* MonthHeaderView.xib */,
				1FBD71621E034E9A001E36EE /* CalendarCell.xib */,
			);
			name = UI;
			sourceTree = "<group>";
		};
		1FA89ECB1E02224F004EBF08 /* View */ = {
			isa = PBXGroup;
			children = (
				1F05E0FC1E0366D20061534B /* CalendarView.swift */,
				1F05E1001E0395EF0061534B /* MonthHeaderView.swift */,
				1FBD71641E035F44001E36EE /* CellView.swift */,
			);
			name = View;
			sourceTree = "<group>";
		};
		1FA89ECC1E022263004EBF08 /* Support */ = {
			isa = PBXGroup;
			children = (
				52D56F8E1E0A33A400BF42A0 /* Constants.swift */,
				1F26A2051E02003F00CA7464 /* Assets.xcassets */,
				1F26A20A1E02003F00CA7464 /* Info.plist */,
			);
			name = Support;
			sourceTree = "<group>";
		};
		1FBD715C1E0343F0001E36EE /* Calendar */ = {
			isa = PBXGroup;
			children = (
				1FAB00E61E09DD14005ED26A /* CalendarViewController.swift */,
				1FAB00E81E0A3361005ED26A /* DataSource.swift */,
				1FAB00EA1E0A33DD005ED26A /* Delegate.swift */,
				1FA89EBE1E022167004EBF08 /* DetailLogViewController.swift */,
				1FD03B651E0CEBCF009995E8 /* DetailTableViewCell.swift */,
				521E329B1E3181900093A6B1 /* TabBarViewController.swift */,
			);
			name = Calendar;
			sourceTree = "<group>";
		};
		1FBD715D1E03440E001E36EE /* Survey */ = {
			isa = PBXGroup;
			children = (
				1FA89EC01E02217C004EBF08 /* SurveyViewController.swift */,
			);
			name = Survey;
			sourceTree = "<group>";
		};
		1FBD715F1E034450001E36EE /* Suggestions */ = {
			isa = PBXGroup;
			children = (
				1FA89EC21E022199004EBF08 /* SuggestionsViewController.swift */,
			);
			name = Suggestions;
			sourceTree = "<group>";
		};
		1FBD71601E034462001E36EE /* Picture */ = {
			isa = PBXGroup;
			children = (
				5286A2081E053633005028D0 /* TakePictureViewController.swift */,
			);
			name = Picture;
			sourceTree = "<group>";
		};
		1FBD71611E034477001E36EE /* Chart */ = {
			isa = PBXGroup;
			children = (
				1FA89EC61E022208004EBF08 /* AnalysisChartViewController.swift */,
			);
			name = Chart;
			sourceTree = "<group>";
		};
		CD5C27C669BDB1CFEECCDFB8 /* Frameworks */ = {
			isa = PBXGroup;
			children = (
				1F75FA841E20552300836AD2 /* MediaPlayer.framework */,
				1F75FA7E1E2052AD00836AD2 /* AVFoundation.framework */,
				B17958DEA5C86271ABFD5DCB /* Pods_FaceForward.framework */,
			);
			name = Frameworks;
			sourceTree = "<group>";
		};
/* End PBXGroup section */

/* Begin PBXNativeTarget section */
		1F26A1F81E02003F00CA7464 /* FaceForward */ = {
			isa = PBXNativeTarget;
			buildConfigurationList = 1F26A20D1E02003F00CA7464 /* Build configuration list for PBXNativeTarget "FaceForward" */;
			buildPhases = (
				AEE7BC15899F1D923CF13867 /* [CP] Check Pods Manifest.lock */,
				1F26A1F51E02003F00CA7464 /* Sources */,
				1F26A1F61E02003F00CA7464 /* Frameworks */,
				1F26A1F71E02003F00CA7464 /* Resources */,
				F21E1BE6C2749D7AB53EC561 /* [CP] Embed Pods Frameworks */,
				1B751F5EF818A6013A4FC221 /* [CP] Copy Pods Resources */,
			);
			buildRules = (
			);
			dependencies = (
			);
			name = FaceForward;
			productName = FaceForward;
			productReference = 1F26A1F91E02003F00CA7464 /* FaceForward.app */;
			productType = "com.apple.product-type.application";
		};
/* End PBXNativeTarget section */

/* Begin PBXProject section */
		1F26A1F11E02003F00CA7464 /* Project object */ = {
			isa = PBXProject;
			attributes = {
				LastSwiftUpdateCheck = 0810;
				LastUpgradeCheck = 0820;
				TargetAttributes = {
					1F26A1F81E02003F00CA7464 = {
						CreatedOnToolsVersion = 8.1;
						DevelopmentTeam = C4VD2Y49D5;
						ProvisioningStyle = Automatic;
					};
				};
			};
			buildConfigurationList = 1F26A1F41E02003F00CA7464 /* Build configuration list for PBXProject "FaceForward" */;
			compatibilityVersion = "Xcode 3.2";
			developmentRegion = English;
			hasScannedForEncodings = 0;
			knownRegions = (
				en,
				Base,
			);
			mainGroup = 1F26A1F01E02003F00CA7464;
			productRefGroup = 1F26A1FA1E02003F00CA7464 /* Products */;
			projectDirPath = "";
			projectRoot = "";
			targets = (
				1F26A1F81E02003F00CA7464 /* FaceForward */,
			);
		};
/* End PBXProject section */

/* Begin PBXResourcesBuildPhase section */
		1F26A1F71E02003F00CA7464 /* Resources */ = {
			isa = PBXResourcesBuildPhase;
			buildActionMask = 2147483647;
			files = (
				1F26A2091E02003F00CA7464 /* LaunchScreen.storyboard in Resources */,
				1F26A2061E02003F00CA7464 /* Assets.xcassets in Resources */,
				1F05E0FF1E0380D10061534B /* MonthHeaderView.xib in Resources */,
				1FBD71631E034E9A001E36EE /* CalendarCell.xib in Resources */,
				1FBD71551E034172001E36EE /* Suggestions.storyboard in Resources */,
				1FBD71531E034161001E36EE /* Photo.storyboard in Resources */,
				1FBD71571E034181001E36EE /* Chart.storyboard in Resources */,
				1FBD71511E0340F8001E36EE /* Survey.storyboard in Resources */,
				1F26A2041E02003F00CA7464 /* Main.storyboard in Resources */,
			);
			runOnlyForDeploymentPostprocessing = 0;
		};
/* End PBXResourcesBuildPhase section */

/* Begin PBXShellScriptBuildPhase section */
		1B751F5EF818A6013A4FC221 /* [CP] Copy Pods Resources */ = {
			isa = PBXShellScriptBuildPhase;
			buildActionMask = 2147483647;
			files = (
			);
			inputPaths = (
			);
			name = "[CP] Copy Pods Resources";
			outputPaths = (
			);
			runOnlyForDeploymentPostprocessing = 0;
			shellPath = /bin/sh;
			shellScript = "\"${SRCROOT}/Pods/Target Support Files/Pods-FaceForward/Pods-FaceForward-resources.sh\"\n";
			showEnvVarsInLog = 0;
		};
		AEE7BC15899F1D923CF13867 /* [CP] Check Pods Manifest.lock */ = {
			isa = PBXShellScriptBuildPhase;
			buildActionMask = 2147483647;
			files = (
			);
			inputPaths = (
			);
			name = "[CP] Check Pods Manifest.lock";
			outputPaths = (
			);
			runOnlyForDeploymentPostprocessing = 0;
			shellPath = /bin/sh;
			shellScript = "diff \"${PODS_ROOT}/../Podfile.lock\" \"${PODS_ROOT}/Manifest.lock\" > /dev/null\nif [ $? != 0 ] ; then\n    # print error to STDERR\n    echo \"error: The sandbox is not in sync with the Podfile.lock. Run 'pod install' or update your CocoaPods installation.\" >&2\n    exit 1\nfi\n";
			showEnvVarsInLog = 0;
		};
		F21E1BE6C2749D7AB53EC561 /* [CP] Embed Pods Frameworks */ = {
			isa = PBXShellScriptBuildPhase;
			buildActionMask = 2147483647;
			files = (
			);
			inputPaths = (
			);
			name = "[CP] Embed Pods Frameworks";
			outputPaths = (
			);
			runOnlyForDeploymentPostprocessing = 0;
			shellPath = /bin/sh;
			shellScript = "\"${SRCROOT}/Pods/Target Support Files/Pods-FaceForward/Pods-FaceForward-frameworks.sh\"\n";
			showEnvVarsInLog = 0;
		};
/* End PBXShellScriptBuildPhase section */

/* Begin PBXSourcesBuildPhase section */
		1F26A1F51E02003F00CA7464 /* Sources */ = {
			isa = PBXSourcesBuildPhase;
			buildActionMask = 2147483647;
			files = (
				1F05E0FD1E0366D20061534B /* CalendarView.swift in Sources */,
				52D56F8F1E0A33A400BF42A0 /* Constants.swift in Sources */,
				5286A20E1E089772005028D0 /* ServerManager.swift in Sources */,
				1F05E1011E0395EF0061534B /* MonthHeaderView.swift in Sources */,
				1F58074A1E0DF05E00DAEDDC /* MyDateFormatter.swift in Sources */,
				5212E88B1E035862000209BD /* Styling.swift in Sources */,
				1F75FA7D1E20525C00836AD2 /* RadioPlayer.swift in Sources */,
				1FBD715B1E0342EA001E36EE /* Router.swift in Sources */,
				1FA89EBF1E022167004EBF08 /* DetailLogViewController.swift in Sources */,
				1F75FA871E206F8100836AD2 /* RadioStations.swift in Sources */,
				1FA89EC71E022208004EBF08 /* AnalysisChartViewController.swift in Sources */,
				1FA89EC31E022199004EBF08 /* SuggestionsViewController.swift in Sources */,
				1F8348491E08895900FE97CB /* Survey.swift in Sources */,
				1F8348471E0887A200FE97CB /* DataEntry.swift in Sources */,
				1F83484D1E088C2500FE97CB /* Sleep.swift in Sources */,
				524B3EB71E21F92900203AB2 /* Suggestions.swift in Sources */,
				1FAB00EB1E0A33DD005ED26A /* Delegate.swift in Sources */,
				1FAB00E91E0A3361005ED26A /* DataSource.swift in Sources */,
				521E329C1E3181900093A6B1 /* TabBarViewController.swift in Sources */,
				1F26A1FD1E02003F00CA7464 /* AppDelegate.swift in Sources */,
				1FA89EC11E02217C004EBF08 /* SurveyViewController.swift in Sources */,
				1FAB00E71E09DD14005ED26A /* CalendarViewController.swift in Sources */,
				1FD03B661E0CEBCF009995E8 /* DetailTableViewCell.swift in Sources */,
				5286A2091E053633005028D0 /* TakePictureViewController.swift in Sources */,
				1F7277D71E04962200085D69 /* Emotion.swift in Sources */,
				1F83484F1E088C7A00FE97CB /* EmotionName.swift in Sources */,
				1F5807481E0DE66500DAEDDC /* RealmManager.swift in Sources */,
				1F83484B1E0889BB00FE97CB /* Mood.swift in Sources */,
				1FBD71651E035F44001E36EE /* CellView.swift in Sources */,
			);
			runOnlyForDeploymentPostprocessing = 0;
		};
/* End PBXSourcesBuildPhase section */

/* Begin PBXVariantGroup section */
		1F26A2021E02003F00CA7464 /* Main.storyboard */ = {
			isa = PBXVariantGroup;
			children = (
				1F26A2031E02003F00CA7464 /* Base */,
			);
			name = Main.storyboard;
			sourceTree = "<group>";
		};
		1F26A2071E02003F00CA7464 /* LaunchScreen.storyboard */ = {
			isa = PBXVariantGroup;
			children = (
				1F26A2081E02003F00CA7464 /* Base */,
			);
			name = LaunchScreen.storyboard;
			sourceTree = "<group>";
		};
/* End PBXVariantGroup section */

/* Begin XCBuildConfiguration section */
		1F26A20B1E02003F00CA7464 /* Debug */ = {
			isa = XCBuildConfiguration;
			buildSettings = {
				ALWAYS_SEARCH_USER_PATHS = NO;
				CLANG_ANALYZER_NONNULL = YES;
				CLANG_CXX_LANGUAGE_STANDARD = "gnu++0x";
				CLANG_CXX_LIBRARY = "libc++";
				CLANG_ENABLE_MODULES = YES;
				CLANG_ENABLE_OBJC_ARC = YES;
				CLANG_WARN_BOOL_CONVERSION = YES;
				CLANG_WARN_CONSTANT_CONVERSION = YES;
				CLANG_WARN_DIRECT_OBJC_ISA_USAGE = YES_ERROR;
				CLANG_WARN_DOCUMENTATION_COMMENTS = YES;
				CLANG_WARN_EMPTY_BODY = YES;
				CLANG_WARN_ENUM_CONVERSION = YES;
				CLANG_WARN_INFINITE_RECURSION = YES;
				CLANG_WARN_INT_CONVERSION = YES;
				CLANG_WARN_OBJC_ROOT_CLASS = YES_ERROR;
				CLANG_WARN_SUSPICIOUS_MOVE = YES;
				CLANG_WARN_SUSPICIOUS_MOVES = YES;
				CLANG_WARN_UNREACHABLE_CODE = YES;
				CLANG_WARN__DUPLICATE_METHOD_MATCH = YES;
				"CODE_SIGN_IDENTITY[sdk=iphoneos*]" = "iPhone Developer";
				COPY_PHASE_STRIP = NO;
				DEBUG_INFORMATION_FORMAT = dwarf;
				ENABLE_STRICT_OBJC_MSGSEND = YES;
				ENABLE_TESTABILITY = YES;
				GCC_C_LANGUAGE_STANDARD = gnu99;
				GCC_DYNAMIC_NO_PIC = NO;
				GCC_NO_COMMON_BLOCKS = YES;
				GCC_OPTIMIZATION_LEVEL = 0;
				GCC_PREPROCESSOR_DEFINITIONS = (
					"DEBUG=1",
					"$(inherited)",
				);
				GCC_WARN_64_TO_32_BIT_CONVERSION = YES;
				GCC_WARN_ABOUT_RETURN_TYPE = YES_ERROR;
				GCC_WARN_UNDECLARED_SELECTOR = YES;
				GCC_WARN_UNINITIALIZED_AUTOS = YES_AGGRESSIVE;
				GCC_WARN_UNUSED_FUNCTION = YES;
				GCC_WARN_UNUSED_VARIABLE = YES;
				IPHONEOS_DEPLOYMENT_TARGET = 10.1;
				MTL_ENABLE_DEBUG_INFO = YES;
				ONLY_ACTIVE_ARCH = YES;
				SDKROOT = iphoneos;
				SWIFT_ACTIVE_COMPILATION_CONDITIONS = DEBUG;
				SWIFT_OPTIMIZATION_LEVEL = "-Onone";
			};
			name = Debug;
		};
		1F26A20C1E02003F00CA7464 /* Release */ = {
			isa = XCBuildConfiguration;
			buildSettings = {
				ALWAYS_SEARCH_USER_PATHS = NO;
				CLANG_ANALYZER_NONNULL = YES;
				CLANG_CXX_LANGUAGE_STANDARD = "gnu++0x";
				CLANG_CXX_LIBRARY = "libc++";
				CLANG_ENABLE_MODULES = YES;
				CLANG_ENABLE_OBJC_ARC = YES;
				CLANG_WARN_BOOL_CONVERSION = YES;
				CLANG_WARN_CONSTANT_CONVERSION = YES;
				CLANG_WARN_DIRECT_OBJC_ISA_USAGE = YES_ERROR;
				CLANG_WARN_DOCUMENTATION_COMMENTS = YES;
				CLANG_WARN_EMPTY_BODY = YES;
				CLANG_WARN_ENUM_CONVERSION = YES;
				CLANG_WARN_INFINITE_RECURSION = YES;
				CLANG_WARN_INT_CONVERSION = YES;
				CLANG_WARN_OBJC_ROOT_CLASS = YES_ERROR;
				CLANG_WARN_SUSPICIOUS_MOVE = YES;
				CLANG_WARN_SUSPICIOUS_MOVES = YES;
				CLANG_WARN_UNREACHABLE_CODE = YES;
				CLANG_WARN__DUPLICATE_METHOD_MATCH = YES;
				"CODE_SIGN_IDENTITY[sdk=iphoneos*]" = "iPhone Developer";
				COPY_PHASE_STRIP = NO;
				DEBUG_INFORMATION_FORMAT = "dwarf-with-dsym";
				ENABLE_NS_ASSERTIONS = NO;
				ENABLE_STRICT_OBJC_MSGSEND = YES;
				GCC_C_LANGUAGE_STANDARD = gnu99;
				GCC_NO_COMMON_BLOCKS = YES;
				GCC_WARN_64_TO_32_BIT_CONVERSION = YES;
				GCC_WARN_ABOUT_RETURN_TYPE = YES_ERROR;
				GCC_WARN_UNDECLARED_SELECTOR = YES;
				GCC_WARN_UNINITIALIZED_AUTOS = YES_AGGRESSIVE;
				GCC_WARN_UNUSED_FUNCTION = YES;
				GCC_WARN_UNUSED_VARIABLE = YES;
				IPHONEOS_DEPLOYMENT_TARGET = 10.1;
				MTL_ENABLE_DEBUG_INFO = NO;
				SDKROOT = iphoneos;
				SWIFT_OPTIMIZATION_LEVEL = "-Owholemodule";
				VALIDATE_PRODUCT = YES;
			};
			name = Release;
		};
		1F26A20E1E02003F00CA7464 /* Debug */ = {
			isa = XCBuildConfiguration;
			baseConfigurationReference = D89B48985DF69A546BC44AB9 /* Pods-FaceForward.debug.xcconfig */;
			buildSettings = {
				ALWAYS_EMBED_SWIFT_STANDARD_LIBRARIES = YES;
				ASSETCATALOG_COMPILER_APPICON_NAME = AppIcon;
				"CODE_SIGN_IDENTITY[sdk=iphoneos*]" = "iPhone Developer";
				DEVELOPMENT_TEAM = C4VD2Y49D5;
				INFOPLIST_FILE = FaceForward/Info.plist;
				LD_RUNPATH_SEARCH_PATHS = "$(inherited) @executable_path/Frameworks";
				PRODUCT_BUNDLE_IDENTIFIER = com.cj.FaceForward;
				PRODUCT_NAME = "$(TARGET_NAME)";
				PROVISIONING_PROFILE = "";
				PROVISIONING_PROFILE_SPECIFIER = "";
				SWIFT_VERSION = 3.0;
				TARGETED_DEVICE_FAMILY = 2;
			};
			name = Debug;
		};
		1F26A20F1E02003F00CA7464 /* Release */ = {
			isa = XCBuildConfiguration;
			baseConfigurationReference = 3C2A011C095BE3AAA8A0D4B8 /* Pods-FaceForward.release.xcconfig */;
			buildSettings = {
				ALWAYS_EMBED_SWIFT_STANDARD_LIBRARIES = YES;
				ASSETCATALOG_COMPILER_APPICON_NAME = AppIcon;
				"CODE_SIGN_IDENTITY[sdk=iphoneos*]" = "iPhone Developer";
				DEVELOPMENT_TEAM = C4VD2Y49D5;
				INFOPLIST_FILE = FaceForward/Info.plist;
				LD_RUNPATH_SEARCH_PATHS = "$(inherited) @executable_path/Frameworks";
				PRODUCT_BUNDLE_IDENTIFIER = com.cj.FaceForward;
				PRODUCT_NAME = "$(TARGET_NAME)";
				PROVISIONING_PROFILE = "";
				PROVISIONING_PROFILE_SPECIFIER = "";
				SWIFT_VERSION = 3.0;
				TARGETED_DEVICE_FAMILY = 2;
			};
			name = Release;
		};
/* End XCBuildConfiguration section */

/* Begin XCConfigurationList section */
		1F26A1F41E02003F00CA7464 /* Build configuration list for PBXProject "FaceForward" */ = {
			isa = XCConfigurationList;
			buildConfigurations = (
				1F26A20B1E02003F00CA7464 /* Debug */,
				1F26A20C1E02003F00CA7464 /* Release */,
			);
			defaultConfigurationIsVisible = 0;
			defaultConfigurationName = Release;
		};
		1F26A20D1E02003F00CA7464 /* Build configuration list for PBXNativeTarget "FaceForward" */ = {
			isa = XCConfigurationList;
			buildConfigurations = (
				1F26A20E1E02003F00CA7464 /* Debug */,
				1F26A20F1E02003F00CA7464 /* Release */,
			);
			defaultConfigurationIsVisible = 0;
			defaultConfigurationName = Release;
		};
/* End XCConfigurationList section */
	};
	rootObject = 1F26A1F11E02003F00CA7464 /* Project object */;
}
